
Microsoft Visual Studio Solution File, Format Version 12.00
# Visual Studio Version 17
VisualStudioVersion = 17.4.33122.133
MinimumVisualStudioVersion = 10.0.40219.1
Project("{FAE04EC0-301F-11D3-BF4B-00C04F79EFBC}") = "aoc07", "aoc07\aoc07.csproj", "{E5749DDF-61E3-4AD7-9F81-7B6EEB73A970}"
EndProject
Global
	GlobalSection(SolutionConfigurationPlatforms) = preSolution
		Debug|Any CPU = Debug|Any CPU
		Release|Any CPU = Release|Any CPU
	EndGlobalSection
	GlobalSection(ProjectConfigurationPlatforms) = postSolution
		{E5749DDF-61E3-4AD7-9F81-7B6EEB73A970}.Debug|Any CPU.ActiveCfg = Debug|Any CPU
		{E5749DDF-61E3-4AD7-9F81-7B6EEB73A970}.Debug|Any CPU.Build.0 = Debug|Any CPU
		{E5749DDF-61E3-4AD7-9F81-7B6EEB73A970}.Release|Any CPU.ActiveCfg = Release|Any CPU
		{E5749DDF-61E3-4AD7-9F81-7B6EEB73A970}.Release|Any CPU.Build.0 = Release|Any CPU
	EndGlobalSection
	GlobalSection(SolutionProperties) = preSolution
		HideSolutionNode = FALSE
	EndGlobalSection
	GlobalSection(ExtensibilityGlobals) = postSolution
		SolutionGuid = {E5853008-004C-40D2-849B-DA9F423B4492}
	EndGlobalSection
EndGlobal
